
Microsoft Visual Studio Solution File, Format Version 12.00
# Visual Studio Version 17
VisualStudioVersion = 17.7.34202.233
MinimumVisualStudioVersion = 10.0.40219.1
Project("{FAE04EC0-301F-11D3-BF4B-00C04F79EFBC}") = "MultiShop", "MultiShop\MultiShop.csproj", "{7FDF398A-1286-4CC7-841C-A7B37BF40039}"
EndProject
Global
	GlobalSection(SolutionConfigurationPlatforms) = preSolution
		Debug|Any CPU = Debug|Any CPU
		Release|Any CPU = Release|Any CPU
	EndGlobalSection
	GlobalSection(ProjectConfigurationPlatforms) = postSolution
		{7FDF398A-1286-4CC7-841C-A7B37BF40039}.Debug|Any CPU.ActiveCfg = Debug|Any CPU
		{7FDF398A-1286-4CC7-841C-A7B37BF40039}.Debug|Any CPU.Build.0 = Debug|Any CPU
		{7FDF398A-1286-4CC7-841C-A7B37BF40039}.Release|Any CPU.ActiveCfg = Release|Any CPU
		{7FDF398A-1286-4CC7-841C-A7B37BF40039}.Release|Any CPU.Build.0 = Release|Any CPU
	EndGlobalSection
	GlobalSection(SolutionProperties) = preSolution
		HideSolutionNode = FALSE
	EndGlobalSection
	GlobalSection(ExtensibilityGlobals) = postSolution
		SolutionGuid = {C9AFEEEC-5F30-45BD-AC87-3BA3438A623D}
	EndGlobalSection
EndGlobal
